github.com/petermetz/go-monorepo-test/pkg/a v0.0.3 h1:WOqPHrUdIcga4l++pduryH5AUQfLAzHEBEVoVIX3Z1w=
github.com/petermetz/go-monorepo-test/pkg/a v0.0.3/go.mod h1:RQo6xDGsqKTyTk8FFeVGYv/ghsa8JJd1YVfI3QLX3sQ=
github.com/petermetz/go-monorepo-test/pkg/b v0.0.3 h1:19XAmwfdO2RirUCzVwciPu6tJhPrEllpB6jfYB3b+hg=
github.com/petermetz/go-monorepo-test/pkg/b v0.0.3/go.mod h1:I8bRnFUDSTzqKrQrPL0EZDz64RwOvBy4g8k823WpHB0=
